
Microsoft Visual Studio Solution File, Format Version 11.00
# Visual Studio 2010
Project("{FAE04EC0-301F-11D3-BF4B-00C04F79EFBC}") = "Paser", "Paser\Paser.csproj", "{32A8D33E-9AB4-4C15-A488-A91F70B06609}"
EndProject
Global
	GlobalSection(SolutionConfigurationPlatforms) = preSolution
		Debug|Any CPU = Debug|Any CPU
		Release|Any CPU = Release|Any CPU
	EndGlobalSection
	GlobalSection(ProjectConfigurationPlatforms) = postSolution
		{32A8D33E-9AB4-4C15-A488-A91F70B06609}.Debug|Any CPU.ActiveCfg = Debug|Any CPU
		{32A8D33E-9AB4-4C15-A488-A91F70B06609}.Debug|Any CPU.Build.0 = Debug|Any CPU
		{32A8D33E-9AB4-4C15-A488-A91F70B06609}.Release|Any CPU.ActiveCfg = Release|Any CPU
		{32A8D33E-9AB4-4C15-A488-A91F70B06609}.Release|Any CPU.Build.0 = Release|Any CPU
	EndGlobalSection
	GlobalSection(SolutionProperties) = preSolution
		HideSolutionNode = FALSE
	EndGlobalSection
EndGlobal
